// !$*UTF8*$!
{
	archiveVersion = 1;
	classes = {
	};
	objectVersion = 48;
	objects = {

/* Begin PBXBuildFile section */
		796D88192048E413000DFA05 /* AppDelegate.m in Sources */ = {isa = PBXBuildFile; fileRef = 796D88182048E413000DFA05 /* AppDelegate.m */; };
		796D881C2048E413000DFA05 /* ViewController.m in Sources */ = {isa = PBXBuildFile; fileRef = 796D881B2048E413000DFA05 /* ViewController.m */; };
		796D881F2048E413000DFA05 /* Main.storyboard in Resources */ = {isa = PBXBuildFile; fileRef = 796D881D2048E413000DFA05 /* Main.storyboard */; };
		796D88212048E413000DFA05 /* Assets.xcassets in Resources */ = {isa = PBXBuildFile; fileRef = 796D88202048E413000DFA05 /* Assets.xcassets */; };
		796D88242048E413000DFA05 /* LaunchScreen.storyboard in Resources */ = {isa = PBXBuildFile; fileRef = 796D88222048E413000DFA05 /* LaunchScreen.storyboard */; };
		796D88272048E413000DFA05 /* main.m in Sources */ = {isa = PBXBuildFile; fileRef = 796D88262048E413000DFA05 /* main.m */; };
		796D88312048E413000DFA05 /* LHLoginAnimationTests.m in Sources */ = {isa = PBXBuildFile; fileRef = 796D88302048E413000DFA05 /* LHLoginAnimationTests.m */; };
		796D883C2048E413000DFA05 /* LHLoginAnimationUITests.m in Sources */ = {isa = PBXBuildFile; fileRef = 796D883B2048E413000DFA05 /* LHLoginAnimationUITests.m */; };
/* End PBXBuildFile section */

/* Begin PBXContainerItemProxy section */
		796D882D2048E413000DFA05 /* PBXContainerItemProxy */ = {
			isa = PBXContainerItemProxy;
			containerPortal = 796D880C2048E413000DFA05 /* Project object */;
			proxyType = 1;
			remoteGlobalIDString = 796D88132048E413000DFA05;
			remoteInfo = LHLoginAnimation;
		};
		796D88382048E413000DFA05 /* PBXContainerItemProxy */ = {
			isa = PBXContainerItemProxy;
			containerPortal = 796D880C2048E413000DFA05 /* Project object */;
			proxyType = 1;
			remoteGlobalIDString = 796D88132048E413000DFA05;
			remoteInfo = LHLoginAnimation;
		};
/* End PBXContainerItemProxy section */

/* Begin PBXFileReference section */
		796D88142048E413000DFA05 /* LHLoginAnimation.app */ = {isa = PBXFileReference; explicitFileType = wrapper.application; includeInIndex = 0; path = LHLoginAnimation.app; sourceTree = BUILT_PRODUCTS_DIR; };
		796D88172048E413000DFA05 /* AppDelegate.h */ = {isa = PBXFileReference; lastKnownFileType = sourcecode.c.h; path = AppDelegate.h; sourceTree = "<group>"; };
		796D88182048E413000DFA05 /* AppDelegate.m */ = {isa = PBXFileReference; lastKnownFileType = sourcecode.c.objc; path = AppDelegate.m; sourceTree = "<group>"; };
		796D881A2048E413000DFA05 /* ViewController.h */ = {isa = PBXFileReference; lastKnownFileType = sourcecode.c.h; path = ViewController.h; sourceTree = "<group>"; };
		796D881B2048E413000DFA05 /* ViewController.m */ = {isa = PBXFileReference; lastKnownFileType = sourcecode.c.objc; path = ViewController.m; sourceTree = "<group>"; };
		796D881E2048E413000DFA05 /* Base */ = {isa = PBXFileReference; lastKnownFileType = file.storyboard; name = Base; path = Base.lproj/Main.storyboard; sourceTree = "<group>"; };
		796D88202048E413000DFA05 /* Assets.xcassets */ = {isa = PBXFileReference; lastKnownFileType = folder.assetcatalog; path = Assets.xcassets; sourceTree = "<group>"; };
		796D88232048E413000DFA05 /* Base */ = {isa = PBXFileReference; lastKnownFileType = file.storyboard; name = Base; path = Base.lproj/LaunchScreen.storyboard; sourceTree = "<group>"; };
		796D88252048E413000DFA05 /* Info.plist */ = {isa = PBXFileReference; lastKnownFileType = text.plist.xml; path = Info.plist; sourceTree = "<group>"; };
		796D88262048E413000DFA05 /* main.m */ = {isa = PBXFileReference; lastKnownFileType = sourcecode.c.objc; path = main.m; sourceTree = "<group>"; };
		796D882C2048E413000DFA05 /* LHLoginAnimationTests.xctest */ = {isa = PBXFileReference; explicitFileType = wrapper.cfbundle; includeInIndex = 0; path = LHLoginAnimationTests.xctest; sourceTree = BUILT_PRODUCTS_DIR; };
		796D88302048E413000DFA05 /* LHLoginAnimationTests.m */ = {isa = PBXFileReference; lastKnownFileType = sourcecode.c.objc; path = LHLoginAnimationTests.m; sourceTree = "<group>"; };
		796D88322048E413000DFA05 /* Info.plist */ = {isa = PBXFileReference; lastKnownFileType = text.plist.xml; path = Info.plist; sourceTree = "<group>"; };
		796D88372048E413000DFA05 /* LHLoginAnimationUITests.xctest */ = {isa = PBXFileReference; explicitFileType = wrapper.cfbundle; includeInIndex = 0; path = LHLoginAnimationUITests.xctest; sourceTree = BUILT_PRODUCTS_DIR; };
		796D883B2048E413000DFA05 /* LHLoginAnimationUITests.m */ = {isa = PBXFileReference; lastKnownFileType = sourcecode.c.objc; path = LHLoginAnimationUITests.m; sourceTree = "<group>"; };
		796D883D2048E413000DFA05 /* Info.plist */ = {isa = PBXFileReference; lastKnownFileType = text.plist.xml; path = Info.plist; sourceTree = "<group>"; };
/* End PBXFileReference section */

/* Begin PBXFrameworksBuildPhase section */
		796D88112048E413000DFA05 /* Frameworks */ = {
			isa = PBXFrameworksBuildPhase;
			buildActionMask = 2147483647;
			files = (
			);
			runOnlyForDeploymentPostprocessing = 0;
		};
		796D88292048E413000DFA05 /* Frameworks */ = {
			isa = PBXFrameworksBuildPhase;
			buildActionMask = 2147483647;
			files = (
			);
			runOnlyForDeploymentPostprocessing = 0;
		};
		796D88342048E413000DFA05 /* Frameworks */ = {
			isa = PBXFrameworksBuildPhase;
			buildActionMask = 2147483647;
			files = (
			);
			runOnlyForDeploymentPostprocessing = 0;
		};
/* End PBXFrameworksBuildPhase section */

/* Begin PBXGroup section */
		796D880B2048E413000DFA05 = {
			isa = PBXGroup;
			children = (
				796D88162048E413000DFA05 /* LHLoginAnimation */,
				796D882F2048E413000DFA05 /* LHLoginAnimationTests */,
				796D883A2048E413000DFA05 /* LHLoginAnimationUITests */,
				796D88152048E413000DFA05 /* Products */,
			);
			sourceTree = "<group>";
		};
		796D88152048E413000DFA05 /* Products */ = {
			isa = PBXGroup;
			children = (
				796D88142048E413000DFA05 /* LHLoginAnimation.app */,
				796D882C2048E413000DFA05 /* LHLoginAnimationTests.xctest */,
				796D88372048E413000DFA05 /* LHLoginAnimationUITests.xctest */,
			);
			name = Products;
			sourceTree = "<group>";
		};
		796D88162048E413000DFA05 /* LHLoginAnimation */ = {
			isa = PBXGroup;
			children = (
				796D88172048E413000DFA05 /* AppDelegate.h */,
				796D88182048E413000DFA05 /* AppDelegate.m */,
				796D881A2048E413000DFA05 /* ViewController.h */,
				796D881B2048E413000DFA05 /* ViewController.m */,
				796D881D2048E413000DFA05 /* Main.storyboard */,
				796D88202048E413000DFA05 /* Assets.xcassets */,
				796D88222048E413000DFA05 /* LaunchScreen.storyboard */,
				796D88252048E413000DFA05 /* Info.plist */,
				796D88262048E413000DFA05 /* main.m */,
			);
			path = LHLoginAnimation;
			sourceTree = "<group>";
		};
		796D882F2048E413000DFA05 /* LHLoginAnimationTests */ = {
			isa = PBXGroup;
			children = (
				796D88302048E413000DFA05 /* LHLoginAnimationTests.m */,
				796D88322048E413000DFA05 /* Info.plist */,
			);
			path = LHLoginAnimationTests;
			sourceTree = "<group>";
		};
		796D883A2048E413000DFA05 /* LHLoginAnimationUITests */ = {
			isa = PBXGroup;
			children = (
				796D883B2048E413000DFA05 /* LHLoginAnimationUITests.m */,
				796D883D2048E413000DFA05 /* Info.plist */,
			);
			path = LHLoginAnimationUITests;
			sourceTree = "<group>";
		};
/* End PBXGroup section */

/* Begin PBXNativeTarget section */
		796D88132048E413000DFA05 /* LHLoginAnimation */ = {
			isa = PBXNativeTarget;
			buildConfigurationList = 796D88402048E413000DFA05 /* Build configuration list for PBXNativeTarget "LHLoginAnimation" */;
			buildPhases = (
				796D88102048E413000DFA05 /* Sources */,
				796D88112048E413000DFA05 /* Frameworks */,
				796D88122048E413000DFA05 /* Resources */,
			);
			buildRules = (
			);
			dependencies = (
			);
			name = LHLoginAnimation;
			productName = LHLoginAnimation;
			productReference = 796D88142048E413000DFA05 /* LHLoginAnimation.app */;
			productType = "com.apple.product-type.application";
		};
		796D882B2048E413000DFA05 /* LHLoginAnimationTests */ = {
			isa = PBXNativeTarget;
			buildConfigurationList = 796D88432048E413000DFA05 /* Build configuration list for PBXNativeTarget "LHLoginAnimationTests" */;
			buildPhases = (
				796D88282048E413000DFA05 /* Sources */,
				796D88292048E413000DFA05 /* Frameworks */,
				796D882A2048E413000DFA05 /* Resources */,
			);
			buildRules = (
			);
			dependencies = (
				796D882E2048E413000DFA05 /* PBXTargetDependency */,
			);
			name = LHLoginAnimationTests;
			productName = LHLoginAnimationTests;
			productReference = 796D882C2048E413000DFA05 /* LHLoginAnimationTests.xctest */;
			productType = "com.apple.product-type.bundle.unit-test";
		};
		796D88362048E413000DFA05 /* LHLoginAnimationUITests */ = {
			isa = PBXNativeTarget;
			buildConfigurationList = 796D88462048E413000DFA05 /* Build configuration list for PBXNativeTarget "LHLoginAnimationUITests" */;
			buildPhases = (
				796D88332048E413000DFA05 /* Sources */,
				796D88342048E413000DFA05 /* Frameworks */,
				796D88352048E413000DFA05 /* Resources */,
			);
			buildRules = (
			);
			dependencies = (
				796D88392048E413000DFA05 /* PBXTargetDependency */,
			);
			name = LHLoginAnimationUITests;
			productName = LHLoginAnimationUITests;
			productReference = 796D88372048E413000DFA05 /* LHLoginAnimationUITests.xctest */;
			productType = "com.apple.product-type.bundle.ui-testing";
		};
/* End PBXNativeTarget section */

/* Begin PBXProject section */
		796D880C2048E413000DFA05 /* Project object */ = {
			isa = PBXProject;
			attributes = {
				LastUpgradeCheck = 0910;
				ORGANIZATIONNAME = lihuan;
				TargetAttributes = {
					796D88132048E413000DFA05 = {
						CreatedOnToolsVersion = 9.1;
						ProvisioningStyle = Automatic;
					};
					796D882B2048E413000DFA05 = {
						CreatedOnToolsVersion = 9.1;
						ProvisioningStyle = Automatic;
						TestTargetID = 796D88132048E413000DFA05;
					};
					796D88362048E413000DFA05 = {
						CreatedOnToolsVersion = 9.1;
						ProvisioningStyle = Automatic;
						TestTargetID = 796D88132048E413000DFA05;
					};
				};
			};
			buildConfigurationList = 796D880F2048E413000DFA05 /* Build configuration list for PBXProject "LHLoginAnimation" */;
			compatibilityVersion = "Xcode 8.0";
			developmentRegion = en;
			hasScannedForEncodings = 0;
			knownRegions = (
				en,
				Base,
			);
			mainGroup = 796D880B2048E413000DFA05;
			productRefGroup = 796D88152048E413000DFA05 /* Products */;
			projectDirPath = "";
			projectRoot = "";
			targets = (
				796D88132048E413000DFA05 /* LHLoginAnimation */,
				796D882B2048E413000DFA05 /* LHLoginAnimationTests */,
				796D88362048E413000DFA05 /* LHLoginAnimationUITests */,
			);
		};
/* End PBXProject section */

/* Begin PBXResourcesBuildPhase section */
		796D88122048E413000DFA05 /* Resources */ = {
			isa = PBXResourcesBuildPhase;
			buildActionMask = 2147483647;
			files = (
				796D88242048E413000DFA05 /* LaunchScreen.storyboard in Resources */,
				796D88212048E413000DFA05 /* Assets.xcassets in Resources */,
				796D881F2048E413000DFA05 /* Main.storyboard in Resources */,
			);
			runOnlyForDeploymentPostprocessing = 0;
		};
		796D882A2048E413000DFA05 /* Resources */ = {
			isa = PBXResourcesBuildPhase;
			buildActionMask = 2147483647;
			files = (
			);
			runOnlyForDeploymentPostprocessing = 0;
		};
		796D88352048E413000DFA05 /* Resources */ = {
			isa = PBXResourcesBuildPhase;
			buildActionMask = 2147483647;
			files = (
			);
			runOnlyForDeploymentPostprocessing = 0;
		};
/* End PBXResourcesBuildPhase section */

/* Begin PBXSourcesBuildPhase section */
		796D88102048E413000DFA05 /* Sources */ = {
			isa = PBXSourcesBuildPhase;
			buildActionMask = 2147483647;
			files = (
				796D881C2048E413000DFA05 /* ViewController.m in Sources */,
				796D88272048E413000DFA05 /* main.m in Sources */,
				796D88192048E413000DFA05 /* AppDelegate.m in Sources */,
			);
			runOnlyForDeploymentPostprocessing = 0;
		};
		796D88282048E413000DFA05 /* Sources */ = {
			isa = PBXSourcesBuildPhase;
			buildActionMask = 2147483647;
			files = (
				796D88312048E413000DFA05 /* LHLoginAnimationTests.m in Sources */,
			);
			runOnlyForDeploymentPostprocessing = 0;
		};
		796D88332048E413000DFA05 /* Sources */ = {
			isa = PBXSourcesBuildPhase;
			buildActionMask = 2147483647;
			files = (
				796D883C2048E413000DFA05 /* LHLoginAnimationUITests.m in Sources */,
			);
			runOnlyForDeploymentPostprocessing = 0;
		};
/* End PBXSourcesBuildPhase section */

/* Begin PBXTargetDependency section */
		796D882E2048E413000DFA05 /* PBXTargetDependency */ = {
			isa = PBXTargetDependency;
			target = 796D88132048E413000DFA05 /* LHLoginAnimation */;
			targetProxy = 796D882D2048E413000DFA05 /* PBXContainerItemProxy */;
		};
		796D88392048E413000DFA05 /* PBXTargetDependency */ = {
			isa = PBXTargetDependency;
			target = 796D88132048E413000DFA05 /* LHLoginAnimation */;
			targetProxy = 796D88382048E413000DFA05 /* PBXContainerItemProxy */;
		};
/* End PBXTargetDependency section */

/* Begin PBXVariantGroup section */
		796D881D2048E413000DFA05 /* Main.storyboard */ = {
			isa = PBXVariantGroup;
			children = (
				796D881E2048E413000DFA05 /* Base */,
			);
			name = Main.storyboard;
			sourceTree = "<group>";
		};
		796D88222048E413000DFA05 /* LaunchScreen.storyboard */ = {
			isa = PBXVariantGroup;
			children = (
				796D88232048E413000DFA05 /* Base */,
			);
			name = LaunchScreen.storyboard;
			sourceTree = "<group>";
		};
/* End PBXVariantGroup section */

/* Begin XCBuildConfiguration section */
		796D883E2048E413000DFA05 /* Debug */ = {
			isa = XCBuildConfiguration;
			buildSettings = {
				ALWAYS_SEARCH_USER_PATHS = NO;
				CLANG_ANALYZER_NONNULL = YES;
				CLANG_ANALYZER_NUMBER_OBJECT_CONVERSION = YES_AGGRESSIVE;
				CLANG_CXX_LANGUAGE_STANDARD = "gnu++14";
				CLANG_CXX_LIBRARY = "libc++";
				CLANG_ENABLE_MODULES = YES;
				CLANG_ENABLE_OBJC_ARC = YES;
				CLANG_WARN_BLOCK_CAPTURE_AUTORELEASING = YES;
				CLANG_WARN_BOOL_CONVERSION = YES;
				CLANG_WARN_COMMA = YES;
				CLANG_WARN_CONSTANT_CONVERSION = YES;
				CLANG_WARN_DIRECT_OBJC_ISA_USAGE = YES_ERROR;
				CLANG_WARN_DOCUMENTATION_COMMENTS = YES;
				CLANG_WARN_EMPTY_BODY = YES;
				CLANG_WARN_ENUM_CONVERSION = YES;
				CLANG_WARN_INFINITE_RECURSION = YES;
				CLANG_WARN_INT_CONVERSION = YES;
				CLANG_WARN_NON_LITERAL_NULL_CONVERSION = YES;
				CLANG_WARN_OBJC_LITERAL_CONVERSION = YES;
				CLANG_WARN_OBJC_ROOT_CLASS = YES_ERROR;
				CLANG_WARN_RANGE_LOOP_ANALYSIS = YES;
				CLANG_WARN_STRICT_PROTOTYPES = YES;
				CLANG_WARN_SUSPICIOUS_MOVE = YES;
				CLANG_WARN_UNGUARDED_AVAILABILITY = YES_AGGRESSIVE;
				CLANG_WARN_UNREACHABLE_CODE = YES;
				CLANG_WARN__DUPLICATE_METHOD_MATCH = YES;
				CODE_SIGN_IDENTITY = "iPhone Developer";
				COPY_PHASE_STRIP = NO;
				DEBUG_INFORMATION_FORMAT = dwarf;
				ENABLE_STRICT_OBJC_MSGSEND = YES;
				ENABLE_TESTABILITY = YES;
				GCC_C_LANGUAGE_STANDARD = gnu11;
				GCC_DYNAMIC_NO_PIC = NO;
				GCC_NO_COMMON_BLOCKS = YES;
				GCC_OPTIMIZATION_LEVEL = 0;
				GCC_PREPROCESSOR_DEFINITIONS = (
					"DEBUG=1",
					"$(inherited)",
				);
				GCC_WARN_64_TO_32_BIT_CONVERSION = YES;
				GCC_WARN_ABOUT_RETURN_TYPE = YES_ERROR;
				GCC_WARN_UNDECLARED_SELECTOR = YES;
				GCC_WARN_UNINITIALIZED_AUTOS = YES_AGGRESSIVE;
				GCC_WARN_UNUSED_FUNCTION = YES;
				GCC_WARN_UNUSED_VARIABLE = YES;
				IPHONEOS_DEPLOYMENT_TARGET = 11.1;
				MTL_ENABLE_DEBUG_INFO = YES;
				ONLY_ACTIVE_ARCH = YES;
				SDKROOT = iphoneos;
			};
			name = Debug;
		};
		796D883F2048E413000DFA05 /* Release */ = {
			isa = XCBuildConfiguration;
			buildSettings = {
				ALWAYS_SEARCH_USER_PATHS = NO;
				CLANG_ANALYZER_NONNULL = YES;
				CLANG_ANALYZER_NUMBER_OBJECT_CONVERSION = YES_AGGRESSIVE;
				CLANG_CXX_LANGUAGE_STANDARD = "gnu++14";
				CLANG_CXX_LIBRARY = "libc++";
				CLANG_ENABLE_MODULES = YES;
				CLANG_ENABLE_OBJC_ARC = YES;
				CLANG_WARN_BLOCK_CAPTURE_AUTORELEASING = YES;
				CLANG_WARN_BOOL_CONVERSION = YES;
				CLANG_WARN_COMMA = YES;
				CLANG_WARN_CONSTANT_CONVERSION = YES;
				CLANG_WARN_DIRECT_OBJC_ISA_USAGE = YES_ERROR;
				CLANG_WARN_DOCUMENTATION_COMMENTS = YES;
				CLANG_WARN_EMPTY_BODY = YES;
				CLANG_WARN_ENUM_CONVERSION = YES;
				CLANG_WARN_INFINITE_RECURSION = YES;
				CLANG_WARN_INT_CONVERSION = YES;
				CLANG_WARN_NON_LITERAL_NULL_CONVERSION = YES;
				CLANG_WARN_OBJC_LITERAL_CONVERSION = YES;
				CLANG_WARN_OBJC_ROOT_CLASS = YES_ERROR;
				CLANG_WARN_RANGE_LOOP_ANALYSIS = YES;
				CLANG_WARN_STRICT_PROTOTYPES = YES;
				CLANG_WARN_SUSPICIOUS_MOVE = YES;
				CLANG_WARN_UNGUARDED_AVAILABILITY = YES_AGGRESSIVE;
				CLANG_WARN_UNREACHABLE_CODE = YES;
				CLANG_WARN__DUPLICATE_METHOD_MATCH = YES;
				CODE_SIGN_IDENTITY = "iPhone Developer";
				COPY_PHASE_STRIP = NO;
				DEBUG_INFORMATION_FORMAT = "dwarf-with-dsym";
				ENABLE_NS_ASSERTIONS = NO;
				ENABLE_STRICT_OBJC_MSGSEND = YES;
				GCC_C_LANGUAGE_STANDARD = gnu11;
				GCC_NO_COMMON_BLOCKS = YES;
				GCC_WARN_64_TO_32_BIT_CONVERSION = YES;
				GCC_WARN_ABOUT_RETURN_TYPE = YES_ERROR;
				GCC_WARN_UNDECLARED_SELECTOR = YES;
				GCC_WARN_UNINITIALIZED_AUTOS = YES_AGGRESSIVE;
				GCC_WARN_UNUSED_FUNCTION = YES;
				GCC_WARN_UNUSED_VARIABLE = YES;
				IPHONEOS_DEPLOYMENT_TARGET = 11.1;
				MTL_ENABLE_DEBUG_INFO = NO;
				SDKROOT = iphoneos;
				VALIDATE_PRODUCT = YES;
			};
			name = Release;
		};
		796D88412048E413000DFA05 /* Debug */ = {
			isa = XCBuildConfiguration;
			buildSettings = {
				ASSETCATALOG_COMPILER_APPICON_NAME = AppIcon;
				CODE_SIGN_STYLE = Automatic;
				DEVELOPMENT_TEAM = C78VJKGV2J;
				INFOPLIST_FILE = LHLoginAnimation/Info.plist;
				LD_RUNPATH_SEARCH_PATHS = "$(inherited) @executable_path/Frameworks";
				PRODUCT_BUNDLE_IDENTIFIER = lihuancom.LHLoginAnimation;
				PRODUCT_NAME = "$(TARGET_NAME)";
				TARGETED_DEVICE_FAMILY = "1,2";
			};
			name = Debug;
		};
		796D88422048E413000DFA05 /* Release */ = {
			isa = XCBuildConfiguration;
			buildSettings = {
				ASSETCATALOG_COMPILER_APPICON_NAME = AppIcon;
				CODE_SIGN_STYLE = Automatic;
				DEVELOPMENT_TEAM = C78VJKGV2J;
				INFOPLIST_FILE = LHLoginAnimation/Info.plist;
				LD_RUNPATH_SEARCH_PATHS = "$(inherited) @executable_path/Frameworks";
				PRODUCT_BUNDLE_IDENTIFIER = lihuancom.LHLoginAnimation;
				PRODUCT_NAME = "$(TARGET_NAME)";
				TARGETED_DEVICE_FAMILY = "1,2";
			};
			name = Release;
		};
		796D88442048E413000DFA05 /* Debug */ = {
			isa = XCBuildConfiguration;
			buildSettings = {
				BUNDLE_LOADER = "$(TEST_HOST)";
				CODE_SIGN_STYLE = Automatic;
				INFOPLIST_FILE = LHLoginAnimationTests/Info.plist;
				LD_RUNPATH_SEARCH_PATHS = "$(inherited) @executable_path/Frameworks @loader_path/Frameworks";
				PRODUCT_BUNDLE_IDENTIFIER = lihuancom.LHLoginAnimationTests;
				PRODUCT_NAME = "$(TARGET_NAME)";
				TARGETED_DEVICE_FAMILY = "1,2";
				TEST_HOST = "$(BUILT_PRODUCTS_DIR)/LHLoginAnimation.app/LHLoginAnimation";
			};
			name = Debug;
		};
		796D88452048E413000DFA05 /* Release */ = {
			isa = XCBuildConfiguration;
			buildSettings = {
				BUNDLE_LOADER = "$(TEST_HOST)";
				CODE_SIGN_STYLE = Automatic;
				INFOPLIST_FILE = LHLoginAnimationTests/Info.plist;
				LD_RUNPATH_SEARCH_PATHS = "$(inherited) @executable_path/Frameworks @loader_path/Frameworks";
				PRODUCT_BUNDLE_IDENTIFIER = lihuancom.LHLoginAnimationTests;
				PRODUCT_NAME = "$(TARGET_NAME)";
				TARGETED_DEVICE_FAMILY = "1,2";
				TEST_HOST = "$(BUILT_PRODUCTS_DIR)/LHLoginAnimation.app/LHLoginAnimation";
			};
			name = Release;
		};
		796D88472048E413000DFA05 /* Debug */ = {
			isa = XCBuildConfiguration;
			buildSettings = {
				CODE_SIGN_STYLE = Automatic;
				INFOPLIST_FILE = LHLoginAnimationUITests/Info.plist;
				LD_RUNPATH_SEARCH_PATHS = "$(inherited) @executable_path/Frameworks @loader_path/Frameworks";
				PRODUCT_BUNDLE_IDENTIFIER = lihuancom.LHLoginAnimationUITests;
				PRODUCT_NAME = "$(TARGET_NAME)";
				TARGETED_DEVICE_FAMILY = "1,2";
				TEST_TARGET_NAME = LHLoginAnimation;
			};
			name = Debug;
		};
		796D88482048E413000DFA05 /* Release */ = {
			isa = XCBuildConfiguration;
			buildSettings = {
				CODE_SIGN_STYLE = Automatic;
				INFOPLIST_FILE = LHLoginAnimationUITests/Info.plist;
				LD_RUNPATH_SEARCH_PATHS = "$(inherited) @executable_path/Frameworks @loader_path/Frameworks";
				PRODUCT_BUNDLE_IDENTIFIER = lihuancom.LHLoginAnimationUITests;
				PRODUCT_NAME = "$(TARGET_NAME)";
				TARGETED_DEVICE_FAMILY = "1,2";
				TEST_TARGET_NAME = LHLoginAnimation;
			};
			name = Release;
		};
/* End XCBuildConfiguration section */

/* Begin XCConfigurationList section */
		796D880F2048E413000DFA05 /* Build configuration list for PBXProject "LHLoginAnimation" */ = {
			isa = XCConfigurationList;
			buildConfigurations = (
				796D883E2048E413000DFA05 /* Debug */,
				796D883F2048E413000DFA05 /* Release */,
			);
			defaultConfigurationIsVisible = 0;
			defaultConfigurationName = Release;
		};
		796D88402048E413000DFA05 /* Build configuration list for PBXNativeTarget "LHLoginAnimation" */ = {
			isa = XCConfigurationList;
			buildConfigurations = (
				796D88412048E413000DFA05 /* Debug */,
				796D88422048E413000DFA05 /* Release */,
			);
			defaultConfigurationIsVisible = 0;
			defaultConfigurationName = Release;
		};
		796D88432048E413000DFA05 /* Build configuration list for PBXNativeTarget "LHLoginAnimationTests" */ = {
			isa = XCConfigurationList;
			buildConfigurations = (
				796D88442048E413000DFA05 /* Debug */,
				796D88452048E413000DFA05 /* Release */,
			);
			defaultConfigurationIsVisible = 0;
			defaultConfigurationName = Release;
		};
		796D88462048E413000DFA05 /* Build configuration list for PBXNativeTarget "LHLoginAnimationUITests" */ = {
			isa = XCConfigurationList;
			buildConfigurations = (
				796D88472048E413000DFA05 /* Debug */,
				796D88482048E413000DFA05 /* Release */,
			);
			defaultConfigurationIsVisible = 0;
			defaultConfigurationName = Release;
		};
/* End XCConfigurationList section */
	};
	rootObject = 796D880C2048E413000DFA05 /* Project object */;
}
